
Microsoft Visual Studio Solution File, Format Version 12.00
# Visual Studio 15
VisualStudioVersion = 15.0.27130.2010
MinimumVisualStudioVersion = 10.0.40219.1
Project("{2150E333-8FDC-42A3-9474-1A3956D46DE8}") = "src", "src", "{08B3DDD0-7C77-4B59-AD1C-2BF761CBF111}"
EndProject
Project("{2150E333-8FDC-42A3-9474-1A3956D46DE8}") = "tests", "tests", "{E1FA9CE6-6907-4C18-A468-6AC7475F06BB}"
EndProject
Project("{FAE04EC0-301F-11D3-BF4B-00C04F79EFBC}") = "Identity.Server", "Identity.Server\Identity.Server.csproj", "{CF9B6B18-0091-48BF-BBA0-A6B184EACE3C}"
EndProject
Project("{2150E333-8FDC-42A3-9474-1A3956D46DE8}") = "Identity", "Identity", "{5A9D95B6-487D-47F9-A5D1-2A11CDC91815}"
EndProject
Project("{2150E333-8FDC-42A3-9474-1A3956D46DE8}") = "Site", "Site", "{42F76D23-AE74-465E-B22C-B561F06BA86D}"
EndProject
Project("{2150E333-8FDC-42A3-9474-1A3956D46DE8}") = "Infrastructure", "Infrastructure", "{726209F4-4C53-4192-B159-BB685F8F0CCC}"
EndProject
Project("{FAE04EC0-301F-11D3-BF4B-00C04F79EFBC}") = "Identity.Infrastructure", "Identity.Infrastructure\Identity.Infrastructure.csproj", "{E2364370-90E4-4FB3-BF48-DC6AE7E10894}"
EndProject
Project("{2150E333-8FDC-42A3-9474-1A3956D46DE8}") = "Api", "Api", "{6C644FEF-F896-4872-A7BD-6FBC3A23E3C4}"
EndProject
Project("{2150E333-8FDC-42A3-9474-1A3956D46DE8}") = "Site", "Site", "{270744D9-C4D4-43B9-9189-66C8D2765B49}"
EndProject
Project("{FAE04EC0-301F-11D3-BF4B-00C04F79EFBC}") = "Api.Server", "Api.Server\Api.Server.csproj", "{36AEEAC5-2D84-477F-9A0B-3AE9224A23C7}"
EndProject
Project("{FAE04EC0-301F-11D3-BF4B-00C04F79EFBC}") = "IdentityServerSample.Client", "IdentityServerSample.Client\IdentityServerSample.Client.csproj", "{49831453-2B75-4FD0-8B51-30C3C0B1EB3B}"
EndProject
Global
	GlobalSection(SolutionConfigurationPlatforms) = preSolution
		Debug|Any CPU = Debug|Any CPU
		Release|Any CPU = Release|Any CPU
	EndGlobalSection
	GlobalSection(ProjectConfigurationPlatforms) = postSolution
		{CF9B6B18-0091-48BF-BBA0-A6B184EACE3C}.Debug|Any CPU.ActiveCfg = Debug|Any CPU
		{CF9B6B18-0091-48BF-BBA0-A6B184EACE3C}.Debug|Any CPU.Build.0 = Debug|Any CPU
		{CF9B6B18-0091-48BF-BBA0-A6B184EACE3C}.Release|Any CPU.ActiveCfg = Release|Any CPU
		{CF9B6B18-0091-48BF-BBA0-A6B184EACE3C}.Release|Any CPU.Build.0 = Release|Any CPU
		{E2364370-90E4-4FB3-BF48-DC6AE7E10894}.Debug|Any CPU.ActiveCfg = Debug|Any CPU
		{E2364370-90E4-4FB3-BF48-DC6AE7E10894}.Debug|Any CPU.Build.0 = Debug|Any CPU
		{E2364370-90E4-4FB3-BF48-DC6AE7E10894}.Release|Any CPU.ActiveCfg = Release|Any CPU
		{E2364370-90E4-4FB3-BF48-DC6AE7E10894}.Release|Any CPU.Build.0 = Release|Any CPU
		{36AEEAC5-2D84-477F-9A0B-3AE9224A23C7}.Debug|Any CPU.ActiveCfg = Debug|Any CPU
		{36AEEAC5-2D84-477F-9A0B-3AE9224A23C7}.Debug|Any CPU.Build.0 = Debug|Any CPU
		{36AEEAC5-2D84-477F-9A0B-3AE9224A23C7}.Release|Any CPU.ActiveCfg = Release|Any CPU
		{36AEEAC5-2D84-477F-9A0B-3AE9224A23C7}.Release|Any CPU.Build.0 = Release|Any CPU
		{49831453-2B75-4FD0-8B51-30C3C0B1EB3B}.Debug|Any CPU.ActiveCfg = Debug|Any CPU
		{49831453-2B75-4FD0-8B51-30C3C0B1EB3B}.Debug|Any CPU.Build.0 = Debug|Any CPU
		{49831453-2B75-4FD0-8B51-30C3C0B1EB3B}.Release|Any CPU.ActiveCfg = Release|Any CPU
		{49831453-2B75-4FD0-8B51-30C3C0B1EB3B}.Release|Any CPU.Build.0 = Release|Any CPU
	EndGlobalSection
	GlobalSection(SolutionProperties) = preSolution
		HideSolutionNode = FALSE
	EndGlobalSection
	GlobalSection(NestedProjects) = preSolution
		{CF9B6B18-0091-48BF-BBA0-A6B184EACE3C} = {42F76D23-AE74-465E-B22C-B561F06BA86D}
		{5A9D95B6-487D-47F9-A5D1-2A11CDC91815} = {08B3DDD0-7C77-4B59-AD1C-2BF761CBF111}
		{42F76D23-AE74-465E-B22C-B561F06BA86D} = {5A9D95B6-487D-47F9-A5D1-2A11CDC91815}
		{726209F4-4C53-4192-B159-BB685F8F0CCC} = {5A9D95B6-487D-47F9-A5D1-2A11CDC91815}
		{E2364370-90E4-4FB3-BF48-DC6AE7E10894} = {726209F4-4C53-4192-B159-BB685F8F0CCC}
		{6C644FEF-F896-4872-A7BD-6FBC3A23E3C4} = {08B3DDD0-7C77-4B59-AD1C-2BF761CBF111}
		{270744D9-C4D4-43B9-9189-66C8D2765B49} = {6C644FEF-F896-4872-A7BD-6FBC3A23E3C4}
		{36AEEAC5-2D84-477F-9A0B-3AE9224A23C7} = {270744D9-C4D4-43B9-9189-66C8D2765B49}
		{49831453-2B75-4FD0-8B51-30C3C0B1EB3B} = {E1FA9CE6-6907-4C18-A468-6AC7475F06BB}
	EndGlobalSection
	GlobalSection(ExtensibilityGlobals) = postSolution
		SolutionGuid = {F7CFD41D-8FCF-41DF-8F6D-BFF0058B4A32}
	EndGlobalSection
EndGlobal
